
Microsoft Visual Studio Solution File, Format Version 12.00
# Visual Studio 15
VisualStudioVersion = 15.0.27004.2010
MinimumVisualStudioVersion = 10.0.40219.1
Project("{FAE04EC0-301F-11D3-BF4B-00C04F79EFBC}") = "UnityCombinedInjectionConstructor", "UnityCombinedInjectionConstructor\UnityCombinedInjectionConstructor.csproj", "{BD52F9F6-81BF-4D09-9495-F1F4D190545A}"
EndProject
Project("{FAE04EC0-301F-11D3-BF4B-00C04F79EFBC}") = "UnityCombinedInjectionConstructor.Tests", "UnityCombinedInjectionConstructor.Tests\UnityCombinedInjectionConstructor.Tests.csproj", "{88E63457-5F6A-47FE-A1E9-85B22749AE52}"
EndProject
Global
	GlobalSection(SolutionConfigurationPlatforms) = preSolution
		Debug|Any CPU = Debug|Any CPU
		Release|Any CPU = Release|Any CPU
	EndGlobalSection
	GlobalSection(ProjectConfigurationPlatforms) = postSolution
		{BD52F9F6-81BF-4D09-9495-F1F4D190545A}.Debug|Any CPU.ActiveCfg = Debug|Any CPU
		{BD52F9F6-81BF-4D09-9495-F1F4D190545A}.Debug|Any CPU.Build.0 = Debug|Any CPU
		{BD52F9F6-81BF-4D09-9495-F1F4D190545A}.Release|Any CPU.ActiveCfg = Release|Any CPU
		{BD52F9F6-81BF-4D09-9495-F1F4D190545A}.Release|Any CPU.Build.0 = Release|Any CPU
		{88E63457-5F6A-47FE-A1E9-85B22749AE52}.Debug|Any CPU.ActiveCfg = Debug|Any CPU
		{88E63457-5F6A-47FE-A1E9-85B22749AE52}.Debug|Any CPU.Build.0 = Debug|Any CPU
		{88E63457-5F6A-47FE-A1E9-85B22749AE52}.Release|Any CPU.ActiveCfg = Release|Any CPU
		{88E63457-5F6A-47FE-A1E9-85B22749AE52}.Release|Any CPU.Build.0 = Release|Any CPU
	EndGlobalSection
	GlobalSection(SolutionProperties) = preSolution
		HideSolutionNode = FALSE
	EndGlobalSection
	GlobalSection(ExtensibilityGlobals) = postSolution
		SolutionGuid = {A9F3B6E9-F969-4A8A-9464-0E38048933AD}
	EndGlobalSection
EndGlobal
